{
  "requires": true,
  "lockfileVersion": 1,
  "dependencies": {
    "bootstrap-icons": {
      "version": "1.6.0",
      "resolved": "https://registry.npmjs.org/bootstrap-icons/-/bootstrap-icons-1.6.0.tgz",
      "integrity": "sha512-zJmZurKexL7oXS+KOnSSFFsKi2asXMzPWCRRwxrq7bj1YbURHr/paCwzRWIPLPsZYh8osQL+W+2uzLlt9EPfnw=="
    }
  }
}
